
Microsoft Visual Studio Solution File, Format Version 12.00
# Visual Studio 15
VisualStudioVersion = 15.0.27130.2036
MinimumVisualStudioVersion = 10.0.40219.1
Project("{8BC9CEB8-8B4A-11D0-8D11-00A0C91BC942}") = "Lab1_Templates", "Lab1_Templates\Lab1_Templates.vcxproj", "{3747CFE5-FAB8-4DF6-9CF3-AC5EB347B8D3}"
EndProject
Project("{8BC9CEB8-8B4A-11D0-8D11-00A0C91BC942}") = "UnitTest1", "UnitTest1\UnitTest1.vcxproj", "{CDE15630-BBD3-4C86-B1A8-4AC638E0C3B2}"
EndProject
Global
	GlobalSection(SolutionConfigurationPlatforms) = preSolution
		Debug|x64 = Debug|x64
		Debug|x86 = Debug|x86
		Release|x64 = Release|x64
		Release|x86 = Release|x86
	EndGlobalSection
	GlobalSection(ProjectConfigurationPlatforms) = postSolution
		{3747CFE5-FAB8-4DF6-9CF3-AC5EB347B8D3}.Debug|x64.ActiveCfg = Debug|x64
		{3747CFE5-FAB8-4DF6-9CF3-AC5EB347B8D3}.Debug|x64.Build.0 = Debug|x64
		{3747CFE5-FAB8-4DF6-9CF3-AC5EB347B8D3}.Debug|x86.ActiveCfg = Debug|Win32
		{3747CFE5-FAB8-4DF6-9CF3-AC5EB347B8D3}.Debug|x86.Build.0 = Debug|Win32
		{3747CFE5-FAB8-4DF6-9CF3-AC5EB347B8D3}.Release|x64.ActiveCfg = Release|x64
		{3747CFE5-FAB8-4DF6-9CF3-AC5EB347B8D3}.Release|x64.Build.0 = Release|x64
		{3747CFE5-FAB8-4DF6-9CF3-AC5EB347B8D3}.Release|x86.ActiveCfg = Release|Win32
		{3747CFE5-FAB8-4DF6-9CF3-AC5EB347B8D3}.Release|x86.Build.0 = Release|Win32
		{CDE15630-BBD3-4C86-B1A8-4AC638E0C3B2}.Debug|x64.ActiveCfg = Debug|x64
		{CDE15630-BBD3-4C86-B1A8-4AC638E0C3B2}.Debug|x64.Build.0 = Debug|x64
		{CDE15630-BBD3-4C86-B1A8-4AC638E0C3B2}.Debug|x86.ActiveCfg = Debug|Win32
		{CDE15630-BBD3-4C86-B1A8-4AC638E0C3B2}.Debug|x86.Build.0 = Debug|Win32
		{CDE15630-BBD3-4C86-B1A8-4AC638E0C3B2}.Release|x64.ActiveCfg = Release|x64
		{CDE15630-BBD3-4C86-B1A8-4AC638E0C3B2}.Release|x64.Build.0 = Release|x64
		{CDE15630-BBD3-4C86-B1A8-4AC638E0C3B2}.Release|x86.ActiveCfg = Release|Win32
		{CDE15630-BBD3-4C86-B1A8-4AC638E0C3B2}.Release|x86.Build.0 = Release|Win32
	EndGlobalSection
	GlobalSection(SolutionProperties) = preSolution
		HideSolutionNode = FALSE
	EndGlobalSection
	GlobalSection(ExtensibilityGlobals) = postSolution
		SolutionGuid = {665F275D-3B6E-4761-AD2C-75A8AE1A735C}
	EndGlobalSection
EndGlobal
